// !$*UTF8*$!
{
	archiveVersion = 1;
	classes = {
	};
	objectVersion = 48;
	objects = {

/* Begin PBXBuildFile section */
		04D3207D204408AC0067CE3D /* JoinVC.swift in Sources */ = {isa = PBXBuildFile; fileRef = 04D3207C204408AC0067CE3D /* JoinVC.swift */; };
		B05212F1FDE6962E18D888EA /* Pods_Ink_iOS_Deviloper.framework in Frameworks */ = {isa = PBXBuildFile; fileRef = B4438A2B3E715872AC8E80C8 /* Pods_Ink_iOS_Deviloper.framework */; };
		C203DB242044A23A009939CE /* NewspeedCollectionReusableView.swift in Sources */ = {isa = PBXBuildFile; fileRef = C203DB232044A23A009939CE /* NewspeedCollectionReusableView.swift */; };
		C203DB2A2044A81B009939CE /* CommentVC.swift in Sources */ = {isa = PBXBuildFile; fileRef = C203DB292044A81B009939CE /* CommentVC.swift */; };
		C203DB2C2044A961009939CE /* CommentCollectionReusableView.swift in Sources */ = {isa = PBXBuildFile; fileRef = C203DB2B2044A961009939CE /* CommentCollectionReusableView.swift */; };
		C203DB332044ADDA009939CE /* CommentCell.swift in Sources */ = {isa = PBXBuildFile; fileRef = C203DB312044ADDA009939CE /* CommentCell.swift */; };
		C203DB342044ADDA009939CE /* CommentCell.xib in Resources */ = {isa = PBXBuildFile; fileRef = C203DB322044ADDA009939CE /* CommentCell.xib */; };
		C27F10472043D9AA00365A49 /* RankVC.swift in Sources */ = {isa = PBXBuildFile; fileRef = C27F10462043D9AA00365A49 /* RankVC.swift */; };
		C27F10492043D9E300365A49 /* NewpostVC.swift in Sources */ = {isa = PBXBuildFile; fileRef = C27F10482043D9E300365A49 /* NewpostVC.swift */; };
		C27F104B2043D9F000365A49 /* SearchVC.swift in Sources */ = {isa = PBXBuildFile; fileRef = C27F104A2043D9F000365A49 /* SearchVC.swift */; };
		C27F104D2043DA0100365A49 /* MypageVC.swift in Sources */ = {isa = PBXBuildFile; fileRef = C27F104C2043DA0100365A49 /* MypageVC.swift */; };
		C2B346A020415B760041ACDA /* AppDelegate.swift in Sources */ = {isa = PBXBuildFile; fileRef = C2B3469F20415B760041ACDA /* AppDelegate.swift */; };
		C2B346A220415B760041ACDA /* LoginVC.swift in Sources */ = {isa = PBXBuildFile; fileRef = C2B346A120415B760041ACDA /* LoginVC.swift */; };
		C2B346A520415B760041ACDA /* Main.storyboard in Resources */ = {isa = PBXBuildFile; fileRef = C2B346A320415B760041ACDA /* Main.storyboard */; };
		C2B346A720415B760041ACDA /* Assets.xcassets in Resources */ = {isa = PBXBuildFile; fileRef = C2B346A620415B760041ACDA /* Assets.xcassets */; };
		C2B346AA20415B760041ACDA /* LaunchScreen.storyboard in Resources */ = {isa = PBXBuildFile; fileRef = C2B346A820415B760041ACDA /* LaunchScreen.storyboard */; };
		C2B59A4520450C2400B933CE /* NewspeedVC.swift in Sources */ = {isa = PBXBuildFile; fileRef = C2B59A4420450C2400B933CE /* NewspeedVC.swift */; };
		C2B59A4820450C5600B933CE /* NewspeedCell.swift in Sources */ = {isa = PBXBuildFile; fileRef = C2B59A4620450C5600B933CE /* NewspeedCell.swift */; };
		C2B59A4920450C5600B933CE /* NewspeedCell.xib in Resources */ = {isa = PBXBuildFile; fileRef = C2B59A4720450C5600B933CE /* NewspeedCell.xib */; };
		C2FC9B702045269300D72B48 /* CustomExtension.swift in Sources */ = {isa = PBXBuildFile; fileRef = C2FC9B6F2045269300D72B48 /* CustomExtension.swift */; };
		C2FC9B72204526BF00D72B48 /* NetworkCallBack.swift in Sources */ = {isa = PBXBuildFile; fileRef = C2FC9B71204526BF00D72B48 /* NetworkCallBack.swift */; };
		C2FC9B74204526F200D72B48 /* LoginVO.swift in Sources */ = {isa = PBXBuildFile; fileRef = C2FC9B73204526F200D72B48 /* LoginVO.swift */; };
		C2FC9B78204527BF00D72B48 /* LoginNM.swift in Sources */ = {isa = PBXBuildFile; fileRef = C2FC9B77204527BF00D72B48 /* LoginNM.swift */; };
		C2FC9B7A2045281900D72B48 /* SignupNM.swift in Sources */ = {isa = PBXBuildFile; fileRef = C2FC9B792045281900D72B48 /* SignupNM.swift */; };
		C2FC9B7C2045283D00D72B48 /* NetwrokDelegate.swift in Sources */ = {isa = PBXBuildFile; fileRef = C2FC9B7B2045283D00D72B48 /* NetwrokDelegate.swift */; };
		C2FC9B7E2045299900D72B48 /* SignupVO.swift in Sources */ = {isa = PBXBuildFile; fileRef = C2FC9B7D2045299900D72B48 /* SignupVO.swift */; };
/* End PBXBuildFile section */

/* Begin PBXFileReference section */
		04A6F4A09C3856A723786E7D /* Pods-Ink_iOS_Deviloper.release.xcconfig */ = {isa = PBXFileReference; includeInIndex = 1; lastKnownFileType = text.xcconfig; name = "Pods-Ink_iOS_Deviloper.release.xcconfig"; path = "Pods/Target Support Files/Pods-Ink_iOS_Deviloper/Pods-Ink_iOS_Deviloper.release.xcconfig"; sourceTree = "<group>"; };
		04D3207C204408AC0067CE3D /* JoinVC.swift */ = {isa = PBXFileReference; lastKnownFileType = sourcecode.swift; path = JoinVC.swift; sourceTree = "<group>"; };
		A6123C1F9A753596DF32FD0B /* Pods-Ink_iOS_Deviloper.debug.xcconfig */ = {isa = PBXFileReference; includeInIndex = 1; lastKnownFileType = text.xcconfig; name = "Pods-Ink_iOS_Deviloper.debug.xcconfig"; path = "Pods/Target Support Files/Pods-Ink_iOS_Deviloper/Pods-Ink_iOS_Deviloper.debug.xcconfig"; sourceTree = "<group>"; };
		B4438A2B3E715872AC8E80C8 /* Pods_Ink_iOS_Deviloper.framework */ = {isa = PBXFileReference; explicitFileType = wrapper.framework; includeInIndex = 0; path = Pods_Ink_iOS_Deviloper.framework; sourceTree = BUILT_PRODUCTS_DIR; };
		C203DB232044A23A009939CE /* NewspeedCollectionReusableView.swift */ = {isa = PBXFileReference; lastKnownFileType = sourcecode.swift; path = NewspeedCollectionReusableView.swift; sourceTree = "<group>"; };
		C203DB292044A81B009939CE /* CommentVC.swift */ = {isa = PBXFileReference; lastKnownFileType = sourcecode.swift; path = CommentVC.swift; sourceTree = "<group>"; };
		C203DB2B2044A961009939CE /* CommentCollectionReusableView.swift */ = {isa = PBXFileReference; lastKnownFileType = sourcecode.swift; path = CommentCollectionReusableView.swift; sourceTree = "<group>"; };
		C203DB312044ADDA009939CE /* CommentCell.swift */ = {isa = PBXFileReference; lastKnownFileType = sourcecode.swift; path = CommentCell.swift; sourceTree = "<group>"; };
		C203DB322044ADDA009939CE /* CommentCell.xib */ = {isa = PBXFileReference; lastKnownFileType = file.xib; path = CommentCell.xib; sourceTree = "<group>"; };
		C27F10462043D9AA00365A49 /* RankVC.swift */ = {isa = PBXFileReference; lastKnownFileType = sourcecode.swift; path = RankVC.swift; sourceTree = "<group>"; };
		C27F10482043D9E300365A49 /* NewpostVC.swift */ = {isa = PBXFileReference; lastKnownFileType = sourcecode.swift; path = NewpostVC.swift; sourceTree = "<group>"; };
		C27F104A2043D9F000365A49 /* SearchVC.swift */ = {isa = PBXFileReference; lastKnownFileType = sourcecode.swift; path = SearchVC.swift; sourceTree = "<group>"; };
		C27F104C2043DA0100365A49 /* MypageVC.swift */ = {isa = PBXFileReference; lastKnownFileType = sourcecode.swift; path = MypageVC.swift; sourceTree = "<group>"; };
		C2B3469C20415B760041ACDA /* Ink_iOS_Deviloper.app */ = {isa = PBXFileReference; explicitFileType = wrapper.application; includeInIndex = 0; path = Ink_iOS_Deviloper.app; sourceTree = BUILT_PRODUCTS_DIR; };
		C2B3469F20415B760041ACDA /* AppDelegate.swift */ = {isa = PBXFileReference; lastKnownFileType = sourcecode.swift; path = AppDelegate.swift; sourceTree = "<group>"; };
		C2B346A120415B760041ACDA /* LoginVC.swift */ = {isa = PBXFileReference; lastKnownFileType = sourcecode.swift; path = LoginVC.swift; sourceTree = "<group>"; };
		C2B346A420415B760041ACDA /* Base */ = {isa = PBXFileReference; lastKnownFileType = file.storyboard; name = Base; path = Base.lproj/Main.storyboard; sourceTree = "<group>"; };
		C2B346A620415B760041ACDA /* Assets.xcassets */ = {isa = PBXFileReference; lastKnownFileType = folder.assetcatalog; path = Assets.xcassets; sourceTree = "<group>"; };
		C2B346A920415B760041ACDA /* Base */ = {isa = PBXFileReference; lastKnownFileType = file.storyboard; name = Base; path = Base.lproj/LaunchScreen.storyboard; sourceTree = "<group>"; };
		C2B346AB20415B760041ACDA /* Info.plist */ = {isa = PBXFileReference; lastKnownFileType = text.plist.xml; path = Info.plist; sourceTree = "<group>"; };
		C2B59A4420450C2400B933CE /* NewspeedVC.swift */ = {isa = PBXFileReference; lastKnownFileType = sourcecode.swift; path = NewspeedVC.swift; sourceTree = "<group>"; };
		C2B59A4620450C5600B933CE /* NewspeedCell.swift */ = {isa = PBXFileReference; lastKnownFileType = sourcecode.swift; path = NewspeedCell.swift; sourceTree = "<group>"; };
		C2B59A4720450C5600B933CE /* NewspeedCell.xib */ = {isa = PBXFileReference; lastKnownFileType = file.xib; path = NewspeedCell.xib; sourceTree = "<group>"; };
		C2FC9B6F2045269300D72B48 /* CustomExtension.swift */ = {isa = PBXFileReference; lastKnownFileType = sourcecode.swift; name = CustomExtension.swift; path = Ink_iOS_Deviloper/VC/CustomExtension.swift; sourceTree = SOURCE_ROOT; };
		C2FC9B71204526BF00D72B48 /* NetworkCallBack.swift */ = {isa = PBXFileReference; lastKnownFileType = sourcecode.swift; name = NetworkCallBack.swift; path = Ink_iOS_Deviloper/VC/NetworkCallBack.swift; sourceTree = SOURCE_ROOT; };
		C2FC9B73204526F200D72B48 /* LoginVO.swift */ = {isa = PBXFileReference; lastKnownFileType = sourcecode.swift; name = LoginVO.swift; path = Ink_iOS_Deviloper/Model/Object/LoginVO.swift; sourceTree = SOURCE_ROOT; };
		C2FC9B77204527BF00D72B48 /* LoginNM.swift */ = {isa = PBXFileReference; lastKnownFileType = sourcecode.swift; path = LoginNM.swift; sourceTree = "<group>"; };
		C2FC9B792045281900D72B48 /* SignupNM.swift */ = {isa = PBXFileReference; lastKnownFileType = sourcecode.swift; path = SignupNM.swift; sourceTree = "<group>"; };
		C2FC9B7B2045283D00D72B48 /* NetwrokDelegate.swift */ = {isa = PBXFileReference; lastKnownFileType = sourcecode.swift; path = NetwrokDelegate.swift; sourceTree = "<group>"; };
		C2FC9B7D2045299900D72B48 /* SignupVO.swift */ = {isa = PBXFileReference; lastKnownFileType = sourcecode.swift; path = SignupVO.swift; sourceTree = "<group>"; };
/* End PBXFileReference section */

/* Begin PBXFrameworksBuildPhase section */
		C2B3469920415B760041ACDA /* Frameworks */ = {
			isa = PBXFrameworksBuildPhase;
			buildActionMask = 2147483647;
			files = (
				B05212F1FDE6962E18D888EA /* Pods_Ink_iOS_Deviloper.framework in Frameworks */,
			);
			runOnlyForDeploymentPostprocessing = 0;
		};
/* End PBXFrameworksBuildPhase section */

/* Begin PBXGroup section */
		4B52FE6D8C843CC0B7420230 /* Frameworks */ = {
			isa = PBXGroup;
			children = (
				B4438A2B3E715872AC8E80C8 /* Pods_Ink_iOS_Deviloper.framework */,
			);
			name = Frameworks;
			sourceTree = "<group>";
		};
		C2B3469320415B760041ACDA = {
			isa = PBXGroup;
			children = (
				C2B3469E20415B760041ACDA /* Ink_iOS_Deviloper */,
				C2B3469D20415B760041ACDA /* Products */,
				D992E365F85088F28CEB9C17 /* Pods */,
				4B52FE6D8C843CC0B7420230 /* Frameworks */,
			);
			sourceTree = "<group>";
		};
		C2B3469D20415B760041ACDA /* Products */ = {
			isa = PBXGroup;
			children = (
				C2B3469C20415B760041ACDA /* Ink_iOS_Deviloper.app */,
			);
			name = Products;
			sourceTree = "<group>";
		};
		C2B3469E20415B760041ACDA /* Ink_iOS_Deviloper */ = {
			isa = PBXGroup;
			children = (
				C2B3469F20415B760041ACDA /* AppDelegate.swift */,
				C2B346AB20415B760041ACDA /* Info.plist */,
				C2B346B620415CC50041ACDA /* Resaurce */,
				C2B346B520415CB40041ACDA /* Model */,
				C2B346B420415CA90041ACDA /* Protocol */,
				C2B346B320415CA40041ACDA /* VC */,
				C2B346B220415C720041ACDA /* CustomStyle */,
				C2B346B120415C680041ACDA /* StoryBoard */,
			);
			path = Ink_iOS_Deviloper;
			sourceTree = "<group>";
		};
		C2B346B120415C680041ACDA /* StoryBoard */ = {
			isa = PBXGroup;
			children = (
				C2B346A820415B760041ACDA /* LaunchScreen.storyboard */,
				C2B346A320415B760041ACDA /* Main.storyboard */,
			);
			path = StoryBoard;
			sourceTree = "<group>";
		};
		C2B346B220415C720041ACDA /* CustomStyle */ = {
			isa = PBXGroup;
			children = (
				C2FC9B6F2045269300D72B48 /* CustomExtension.swift */,
			);
			path = CustomStyle;
			sourceTree = "<group>";
		};
		C2B346B320415CA40041ACDA /* VC */ = {
			isa = PBXGroup;
			children = (
				C2B346A120415B760041ACDA /* LoginVC.swift */,
				C27F10462043D9AA00365A49 /* RankVC.swift */,
				C27F10482043D9E300365A49 /* NewpostVC.swift */,
				C27F104A2043D9F000365A49 /* SearchVC.swift */,
				C27F104C2043DA0100365A49 /* MypageVC.swift */,
				04D3207C204408AC0067CE3D /* JoinVC.swift */,
				C2B59A4420450C2400B933CE /* NewspeedVC.swift */,
				C203DB232044A23A009939CE /* NewspeedCollectionReusableView.swift */,
				C2B59A4620450C5600B933CE /* NewspeedCell.swift */,
				C2B59A4720450C5600B933CE /* NewspeedCell.xib */,
				C203DB292044A81B009939CE /* CommentVC.swift */,
				C203DB2B2044A961009939CE /* CommentCollectionReusableView.swift */,
				C203DB312044ADDA009939CE /* CommentCell.swift */,
				C203DB322044ADDA009939CE /* CommentCell.xib */,
			);
			path = VC;
			sourceTree = "<group>";
		};
		C2B346B420415CA90041ACDA /* Protocol */ = {
			isa = PBXGroup;
			children = (
				C2FC9B71204526BF00D72B48 /* NetworkCallBack.swift */,
			);
			path = Protocol;
			sourceTree = "<group>";
		};
		C2B346B520415CB40041ACDA /* Model */ = {
			isa = PBXGroup;
			children = (
				C2FC9B752045279400D72B48 /* Object */,
				C2FC9B762045279C00D72B48 /* Network */,
			);
			path = Model;
			sourceTree = "<group>";
		};
		C2B346B620415CC50041ACDA /* Resaurce */ = {
			isa = PBXGroup;
			children = (
				C2B346A620415B760041ACDA /* Assets.xcassets */,
			);
			path = Resaurce;
			sourceTree = "<group>";
		};
		C2FC9B752045279400D72B48 /* Object */ = {
			isa = PBXGroup;
			children = (
				C2FC9B73204526F200D72B48 /* LoginVO.swift */,
				C2FC9B7D2045299900D72B48 /* SignupVO.swift */,
			);
			path = Object;
			sourceTree = "<group>";
		};
		C2FC9B762045279C00D72B48 /* Network */ = {
			isa = PBXGroup;
			children = (
				C2FC9B77204527BF00D72B48 /* LoginNM.swift */,
				C2FC9B792045281900D72B48 /* SignupNM.swift */,
				C2FC9B7B2045283D00D72B48 /* NetwrokDelegate.swift */,
			);
			path = Network;
			sourceTree = "<group>";
		};
		D992E365F85088F28CEB9C17 /* Pods */ = {
			isa = PBXGroup;
			children = (
				A6123C1F9A753596DF32FD0B /* Pods-Ink_iOS_Deviloper.debug.xcconfig */,
				04A6F4A09C3856A723786E7D /* Pods-Ink_iOS_Deviloper.release.xcconfig */,
			);
			name = Pods;
			sourceTree = "<group>";
		};
/* End PBXGroup section */

/* Begin PBXNativeTarget section */
		C2B3469B20415B760041ACDA /* Ink_iOS_Deviloper */ = {
			isa = PBXNativeTarget;
			buildConfigurationList = C2B346AE20415B760041ACDA /* Build configuration list for PBXNativeTarget "Ink_iOS_Deviloper" */;
			buildPhases = (
				80F475EBB60639ABAC1C5582 /* [CP] Check Pods Manifest.lock */,
				C2B3469820415B760041ACDA /* Sources */,
				C2B3469920415B760041ACDA /* Frameworks */,
				C2B3469A20415B760041ACDA /* Resources */,
				6C31B3FDE3459C68E4B57359 /* [CP] Embed Pods Frameworks */,
				F9D37A08195A7E810329E862 /* [CP] Copy Pods Resources */,
			);
			buildRules = (
			);
			dependencies = (
			);
			name = Ink_iOS_Deviloper;
			productName = Ink_iOS_Deviloper;
			productReference = C2B3469C20415B760041ACDA /* Ink_iOS_Deviloper.app */;
			productType = "com.apple.product-type.application";
		};
/* End PBXNativeTarget section */

/* Begin PBXProject section */
		C2B3469420415B760041ACDA /* Project object */ = {
			isa = PBXProject;
			attributes = {
				LastSwiftUpdateCheck = 0920;
				LastUpgradeCheck = 0920;
				ORGANIZATIONNAME = "신동규";
				TargetAttributes = {
					C2B3469B20415B760041ACDA = {
						CreatedOnToolsVersion = 9.2;
						ProvisioningStyle = Automatic;
					};
				};
			};
			buildConfigurationList = C2B3469720415B760041ACDA /* Build configuration list for PBXProject "Ink_iOS_Deviloper" */;
			compatibilityVersion = "Xcode 8.0";
			developmentRegion = en;
			hasScannedForEncodings = 0;
			knownRegions = (
				en,
				Base,
			);
			mainGroup = C2B3469320415B760041ACDA;
			productRefGroup = C2B3469D20415B760041ACDA /* Products */;
			projectDirPath = "";
			projectRoot = "";
			targets = (
				C2B3469B20415B760041ACDA /* Ink_iOS_Deviloper */,
			);
		};
/* End PBXProject section */

/* Begin PBXResourcesBuildPhase section */
		C2B3469A20415B760041ACDA /* Resources */ = {
			isa = PBXResourcesBuildPhase;
			buildActionMask = 2147483647;
			files = (
				C203DB342044ADDA009939CE /* CommentCell.xib in Resources */,
				C2B59A4920450C5600B933CE /* NewspeedCell.xib in Resources */,
				C2B346AA20415B760041ACDA /* LaunchScreen.storyboard in Resources */,
				C2B346A720415B760041ACDA /* Assets.xcassets in Resources */,
				C2B346A520415B760041ACDA /* Main.storyboard in Resources */,
			);
			runOnlyForDeploymentPostprocessing = 0;
		};
/* End PBXResourcesBuildPhase section */

/* Begin PBXShellScriptBuildPhase section */
		6C31B3FDE3459C68E4B57359 /* [CP] Embed Pods Frameworks */ = {
			isa = PBXShellScriptBuildPhase;
			buildActionMask = 2147483647;
			files = (
			);
			inputPaths = (
				"${SRCROOT}/Pods/Target Support Files/Pods-Ink_iOS_Deviloper/Pods-Ink_iOS_Deviloper-frameworks.sh",
				"${BUILT_PRODUCTS_DIR}/Alamofire/Alamofire.framework",
				"${BUILT_PRODUCTS_DIR}/AlamofireObjectMapper/AlamofireObjectMapper.framework",
				"${BUILT_PRODUCTS_DIR}/Kingfisher/Kingfisher.framework",
				"${BUILT_PRODUCTS_DIR}/ObjectMapper/ObjectMapper.framework",
				"${BUILT_PRODUCTS_DIR}/SwiftyJSON/SwiftyJSON.framework",
				"${BUILT_PRODUCTS_DIR}/Toast-Swift/Toast_Swift.framework",
			);
			name = "[CP] Embed Pods Frameworks";
			outputPaths = (
				"${TARGET_BUILD_DIR}/${FRAMEWORKS_FOLDER_PATH}/Alamofire.framework",
				"${TARGET_BUILD_DIR}/${FRAMEWORKS_FOLDER_PATH}/AlamofireObjectMapper.framework",
				"${TARGET_BUILD_DIR}/${FRAMEWORKS_FOLDER_PATH}/Kingfisher.framework",
				"${TARGET_BUILD_DIR}/${FRAMEWORKS_FOLDER_PATH}/ObjectMapper.framework",
				"${TARGET_BUILD_DIR}/${FRAMEWORKS_FOLDER_PATH}/SwiftyJSON.framework",
				"${TARGET_BUILD_DIR}/${FRAMEWORKS_FOLDER_PATH}/Toast_Swift.framework",
			);
			runOnlyForDeploymentPostprocessing = 0;
			shellPath = /bin/sh;
			shellScript = "\"${SRCROOT}/Pods/Target Support Files/Pods-Ink_iOS_Deviloper/Pods-Ink_iOS_Deviloper-frameworks.sh\"\n";
			showEnvVarsInLog = 0;
		};
		80F475EBB60639ABAC1C5582 /* [CP] Check Pods Manifest.lock */ = {
			isa = PBXShellScriptBuildPhase;
			buildActionMask = 2147483647;
			files = (
			);
			inputPaths = (
				"${PODS_PODFILE_DIR_PATH}/Podfile.lock",
				"${PODS_ROOT}/Manifest.lock",
			);
			name = "[CP] Check Pods Manifest.lock";
			outputPaths = (
				"$(DERIVED_FILE_DIR)/Pods-Ink_iOS_Deviloper-checkManifestLockResult.txt",
			);
			runOnlyForDeploymentPostprocessing = 0;
			shellPath = /bin/sh;
			shellScript = "diff \"${PODS_PODFILE_DIR_PATH}/Podfile.lock\" \"${PODS_ROOT}/Manifest.lock\" > /dev/null\nif [ $? != 0 ] ; then\n    # print error to STDERR\n    echo \"error: The sandbox is not in sync with the Podfile.lock. Run 'pod install' or update your CocoaPods installation.\" >&2\n    exit 1\nfi\n# This output is used by Xcode 'outputs' to avoid re-running this script phase.\necho \"SUCCESS\" > \"${SCRIPT_OUTPUT_FILE_0}\"\n";
			showEnvVarsInLog = 0;
		};
		F9D37A08195A7E810329E862 /* [CP] Copy Pods Resources */ = {
			isa = PBXShellScriptBuildPhase;
			buildActionMask = 2147483647;
			files = (
			);
			inputPaths = (
			);
			name = "[CP] Copy Pods Resources";
			outputPaths = (
			);
			runOnlyForDeploymentPostprocessing = 0;
			shellPath = /bin/sh;
			shellScript = "\"${SRCROOT}/Pods/Target Support Files/Pods-Ink_iOS_Deviloper/Pods-Ink_iOS_Deviloper-resources.sh\"\n";
			showEnvVarsInLog = 0;
		};
/* End PBXShellScriptBuildPhase section */

/* Begin PBXSourcesBuildPhase section */
		C2B3469820415B760041ACDA /* Sources */ = {
			isa = PBXSourcesBuildPhase;
			buildActionMask = 2147483647;
			files = (
				C203DB332044ADDA009939CE /* CommentCell.swift in Sources */,
				C203DB242044A23A009939CE /* NewspeedCollectionReusableView.swift in Sources */,
				C2FC9B7A2045281900D72B48 /* SignupNM.swift in Sources */,
				04D3207D204408AC0067CE3D /* JoinVC.swift in Sources */,
				C2FC9B7C2045283D00D72B48 /* NetwrokDelegate.swift in Sources */,
				C2FC9B78204527BF00D72B48 /* LoginNM.swift in Sources */,
				C203DB2A2044A81B009939CE /* CommentVC.swift in Sources */,
				C2B59A4820450C5600B933CE /* NewspeedCell.swift in Sources */,
				C27F104B2043D9F000365A49 /* SearchVC.swift in Sources */,
				C27F10492043D9E300365A49 /* NewpostVC.swift in Sources */,
				C27F104D2043DA0100365A49 /* MypageVC.swift in Sources */,
				C27F10472043D9AA00365A49 /* RankVC.swift in Sources */,
				C2B346A220415B760041ACDA /* LoginVC.swift in Sources */,
				C2B59A4520450C2400B933CE /* NewspeedVC.swift in Sources */,
				C2B346A020415B760041ACDA /* AppDelegate.swift in Sources */,
				C2FC9B74204526F200D72B48 /* LoginVO.swift in Sources */,
				C2FC9B7E2045299900D72B48 /* SignupVO.swift in Sources */,
				C2FC9B702045269300D72B48 /* CustomExtension.swift in Sources */,
				C2FC9B72204526BF00D72B48 /* NetworkCallBack.swift in Sources */,
				C203DB2C2044A961009939CE /* CommentCollectionReusableView.swift in Sources */,
			);
			runOnlyForDeploymentPostprocessing = 0;
		};
/* End PBXSourcesBuildPhase section */

/* Begin PBXVariantGroup section */
		C2B346A320415B760041ACDA /* Main.storyboard */ = {
			isa = PBXVariantGroup;
			children = (
				C2B346A420415B760041ACDA /* Base */,
			);
			name = Main.storyboard;
			sourceTree = "<group>";
		};
		C2B346A820415B760041ACDA /* LaunchScreen.storyboard */ = {
			isa = PBXVariantGroup;
			children = (
				C2B346A920415B760041ACDA /* Base */,
			);
			name = LaunchScreen.storyboard;
			sourceTree = "<group>";
		};
/* End PBXVariantGroup section */

/* Begin XCBuildConfiguration section */
		C2B346AC20415B760041ACDA /* Debug */ = {
			isa = XCBuildConfiguration;
			buildSettings = {
				ALWAYS_SEARCH_USER_PATHS = NO;
				CLANG_ANALYZER_NONNULL = YES;
				CLANG_ANALYZER_NUMBER_OBJECT_CONVERSION = YES_AGGRESSIVE;
				CLANG_CXX_LANGUAGE_STANDARD = "gnu++14";
				CLANG_CXX_LIBRARY = "libc++";
				CLANG_ENABLE_MODULES = YES;
				CLANG_ENABLE_OBJC_ARC = YES;
				CLANG_WARN_BLOCK_CAPTURE_AUTORELEASING = YES;
				CLANG_WARN_BOOL_CONVERSION = YES;
				CLANG_WARN_COMMA = YES;
				CLANG_WARN_CONSTANT_CONVERSION = YES;
				CLANG_WARN_DIRECT_OBJC_ISA_USAGE = YES_ERROR;
				CLANG_WARN_DOCUMENTATION_COMMENTS = YES;
				CLANG_WARN_EMPTY_BODY = YES;
				CLANG_WARN_ENUM_CONVERSION = YES;
				CLANG_WARN_INFINITE_RECURSION = YES;
				CLANG_WARN_INT_CONVERSION = YES;
				CLANG_WARN_NON_LITERAL_NULL_CONVERSION = YES;
				CLANG_WARN_OBJC_LITERAL_CONVERSION = YES;
				CLANG_WARN_OBJC_ROOT_CLASS = YES_ERROR;
				CLANG_WARN_RANGE_LOOP_ANALYSIS = YES;
				CLANG_WARN_STRICT_PROTOTYPES = YES;
				CLANG_WARN_SUSPICIOUS_MOVE = YES;
				CLANG_WARN_UNGUARDED_AVAILABILITY = YES_AGGRESSIVE;
				CLANG_WARN_UNREACHABLE_CODE = YES;
				CLANG_WARN__DUPLICATE_METHOD_MATCH = YES;
				CODE_SIGN_IDENTITY = "iPhone Developer";
				COPY_PHASE_STRIP = NO;
				DEBUG_INFORMATION_FORMAT = dwarf;
				ENABLE_STRICT_OBJC_MSGSEND = YES;
				ENABLE_TESTABILITY = YES;
				GCC_C_LANGUAGE_STANDARD = gnu11;
				GCC_DYNAMIC_NO_PIC = NO;
				GCC_NO_COMMON_BLOCKS = YES;
				GCC_OPTIMIZATION_LEVEL = 0;
				GCC_PREPROCESSOR_DEFINITIONS = (
					"DEBUG=1",
					"$(inherited)",
				);
				GCC_WARN_64_TO_32_BIT_CONVERSION = YES;
				GCC_WARN_ABOUT_RETURN_TYPE = YES_ERROR;
				GCC_WARN_UNDECLARED_SELECTOR = YES;
				GCC_WARN_UNINITIALIZED_AUTOS = YES_AGGRESSIVE;
				GCC_WARN_UNUSED_FUNCTION = YES;
				GCC_WARN_UNUSED_VARIABLE = YES;
				IPHONEOS_DEPLOYMENT_TARGET = 11.2;
				MTL_ENABLE_DEBUG_INFO = YES;
				ONLY_ACTIVE_ARCH = YES;
				SDKROOT = iphoneos;
				SWIFT_ACTIVE_COMPILATION_CONDITIONS = DEBUG;
				SWIFT_OPTIMIZATION_LEVEL = "-Onone";
			};
			name = Debug;
		};
		C2B346AD20415B760041ACDA /* Release */ = {
			isa = XCBuildConfiguration;
			buildSettings = {
				ALWAYS_SEARCH_USER_PATHS = NO;
				CLANG_ANALYZER_NONNULL = YES;
				CLANG_ANALYZER_NUMBER_OBJECT_CONVERSION = YES_AGGRESSIVE;
				CLANG_CXX_LANGUAGE_STANDARD = "gnu++14";
				CLANG_CXX_LIBRARY = "libc++";
				CLANG_ENABLE_MODULES = YES;
				CLANG_ENABLE_OBJC_ARC = YES;
				CLANG_WARN_BLOCK_CAPTURE_AUTORELEASING = YES;
				CLANG_WARN_BOOL_CONVERSION = YES;
				CLANG_WARN_COMMA = YES;
				CLANG_WARN_CONSTANT_CONVERSION = YES;
				CLANG_WARN_DIRECT_OBJC_ISA_USAGE = YES_ERROR;
				CLANG_WARN_DOCUMENTATION_COMMENTS = YES;
				CLANG_WARN_EMPTY_BODY = YES;
				CLANG_WARN_ENUM_CONVERSION = YES;
				CLANG_WARN_INFINITE_RECURSION = YES;
				CLANG_WARN_INT_CONVERSION = YES;
				CLANG_WARN_NON_LITERAL_NULL_CONVERSION = YES;
				CLANG_WARN_OBJC_LITERAL_CONVERSION = YES;
				CLANG_WARN_OBJC_ROOT_CLASS = YES_ERROR;
				CLANG_WARN_RANGE_LOOP_ANALYSIS = YES;
				CLANG_WARN_STRICT_PROTOTYPES = YES;
				CLANG_WARN_SUSPICIOUS_MOVE = YES;
				CLANG_WARN_UNGUARDED_AVAILABILITY = YES_AGGRESSIVE;
				CLANG_WARN_UNREACHABLE_CODE = YES;
				CLANG_WARN__DUPLICATE_METHOD_MATCH = YES;
				CODE_SIGN_IDENTITY = "iPhone Developer";
				COPY_PHASE_STRIP = NO;
				DEBUG_INFORMATION_FORMAT = "dwarf-with-dsym";
				ENABLE_NS_ASSERTIONS = NO;
				ENABLE_STRICT_OBJC_MSGSEND = YES;
				GCC_C_LANGUAGE_STANDARD = gnu11;
				GCC_NO_COMMON_BLOCKS = YES;
				GCC_WARN_64_TO_32_BIT_CONVERSION = YES;
				GCC_WARN_ABOUT_RETURN_TYPE = YES_ERROR;
				GCC_WARN_UNDECLARED_SELECTOR = YES;
				GCC_WARN_UNINITIALIZED_AUTOS = YES_AGGRESSIVE;
				GCC_WARN_UNUSED_FUNCTION = YES;
				GCC_WARN_UNUSED_VARIABLE = YES;
				IPHONEOS_DEPLOYMENT_TARGET = 11.2;
				MTL_ENABLE_DEBUG_INFO = NO;
				SDKROOT = iphoneos;
				SWIFT_OPTIMIZATION_LEVEL = "-Owholemodule";
				VALIDATE_PRODUCT = YES;
			};
			name = Release;
		};
		C2B346AF20415B760041ACDA /* Debug */ = {
			isa = XCBuildConfiguration;
			baseConfigurationReference = A6123C1F9A753596DF32FD0B /* Pods-Ink_iOS_Deviloper.debug.xcconfig */;
			buildSettings = {
				ASSETCATALOG_COMPILER_APPICON_NAME = AppIcon;
				"CODE_SIGN_IDENTITY[sdk=iphoneos*]" = "iPhone Developer";
				CODE_SIGN_STYLE = Automatic;
				DEVELOPMENT_TEAM = KB65UR5HX8;
				INFOPLIST_FILE = Ink_iOS_Deviloper/Info.plist;
				LD_RUNPATH_SEARCH_PATHS = "$(inherited) @executable_path/Frameworks";
				PRODUCT_BUNDLE_IDENTIFIER = "com.shindongkyu.Ink-iOS-Deviloper";
				PRODUCT_NAME = "$(TARGET_NAME)";
				PROVISIONING_PROFILE_SPECIFIER = "";
				SWIFT_VERSION = 4.0;
				TARGETED_DEVICE_FAMILY = "1,2";
			};
			name = Debug;
		};
		C2B346B020415B760041ACDA /* Release */ = {
			isa = XCBuildConfiguration;
			baseConfigurationReference = 04A6F4A09C3856A723786E7D /* Pods-Ink_iOS_Deviloper.release.xcconfig */;
			buildSettings = {
				ASSETCATALOG_COMPILER_APPICON_NAME = AppIcon;
				"CODE_SIGN_IDENTITY[sdk=iphoneos*]" = "iPhone Developer";
				CODE_SIGN_STYLE = Automatic;
				DEVELOPMENT_TEAM = KB65UR5HX8;
				INFOPLIST_FILE = Ink_iOS_Deviloper/Info.plist;
				LD_RUNPATH_SEARCH_PATHS = "$(inherited) @executable_path/Frameworks";
				PRODUCT_BUNDLE_IDENTIFIER = "com.shindongkyu.Ink-iOS-Deviloper";
				PRODUCT_NAME = "$(TARGET_NAME)";
				PROVISIONING_PROFILE_SPECIFIER = "";
				SWIFT_VERSION = 4.0;
				TARGETED_DEVICE_FAMILY = "1,2";
			};
			name = Release;
		};
/* End XCBuildConfiguration section */

/* Begin XCConfigurationList section */
		C2B3469720415B760041ACDA /* Build configuration list for PBXProject "Ink_iOS_Deviloper" */ = {
			isa = XCConfigurationList;
			buildConfigurations = (
				C2B346AC20415B760041ACDA /* Debug */,
				C2B346AD20415B760041ACDA /* Release */,
			);
			defaultConfigurationIsVisible = 0;
			defaultConfigurationName = Release;
		};
		C2B346AE20415B760041ACDA /* Build configuration list for PBXNativeTarget "Ink_iOS_Deviloper" */ = {
			isa = XCConfigurationList;
			buildConfigurations = (
				C2B346AF20415B760041ACDA /* Debug */,
				C2B346B020415B760041ACDA /* Release */,
			);
			defaultConfigurationIsVisible = 0;
			defaultConfigurationName = Release;
		};
/* End XCConfigurationList section */
	};
	rootObject = C2B3469420415B760041ACDA /* Project object */;
}
